
Microsoft Visual Studio Solution File, Format Version 12.00
# Visual Studio 14
VisualStudioVersion = 14.0.25420.1
MinimumVisualStudioVersion = 10.0.40219.1
Project("{FAE04EC0-301F-11D3-BF4B-00C04F79EFBC}") = "DataBindingSample 1", "DataBindingSample 1\DataBindingSample 1.csproj", "{FAE0E355-5AB3-48A7-8049-7E4749B97CE2}"
EndProject
Global
	GlobalSection(SolutionConfigurationPlatforms) = preSolution
		Debug|Any CPU = Debug|Any CPU
		Release|Any CPU = Release|Any CPU
	EndGlobalSection
	GlobalSection(ProjectConfigurationPlatforms) = postSolution
		{FAE0E355-5AB3-48A7-8049-7E4749B97CE2}.Debug|Any CPU.ActiveCfg = Debug|Any CPU
		{FAE0E355-5AB3-48A7-8049-7E4749B97CE2}.Debug|Any CPU.Build.0 = Debug|Any CPU
		{FAE0E355-5AB3-48A7-8049-7E4749B97CE2}.Release|Any CPU.ActiveCfg = Release|Any CPU
		{FAE0E355-5AB3-48A7-8049-7E4749B97CE2}.Release|Any CPU.Build.0 = Release|Any CPU
	EndGlobalSection
	GlobalSection(SolutionProperties) = preSolution
		HideSolutionNode = FALSE
	EndGlobalSection
EndGlobal
