
Microsoft Visual Studio Solution File, Format Version 12.00
# Visual Studio 14
VisualStudioVersion = 14.0.25420.1
MinimumVisualStudioVersion = 10.0.40219.1
Project("{FAE04EC0-301F-11D3-BF4B-00C04F79EFBC}") = "Lesson1Intro", "Lesson1Intro\Lesson1Intro.csproj", "{7A695C10-DB59-4CC2-BE5E-B5A32EFA1E9D}"
EndProject
Project("{FAE04EC0-301F-11D3-BF4B-00C04F79EFBC}") = "WebApplication1", "WebApplication1\WebApplication1.csproj", "{31CBD73D-2126-46F1-A201-397AC51D6D86}"
EndProject
Project("{FAE04EC0-301F-11D3-BF4B-00C04F79EFBC}") = "WebApplication2", "WebApplication2\WebApplication2.csproj", "{E35DE792-EB34-43BD-9269-C59FDB9C8E78}"
EndProject
Project("{FAE04EC0-301F-11D3-BF4B-00C04F79EFBC}") = "TestWebApi", "TestWebApi\TestWebApi.csproj", "{562B3E5B-2CDF-45C7-91D3-6610F44A2959}"
EndProject
Project("{FAE04EC0-301F-11D3-BF4B-00C04F79EFBC}") = "Test only api", "Test only api\Test only api.csproj", "{742D3D56-0157-47A3-A323-9714811F9E88}"
EndProject
Global
	GlobalSection(SolutionConfigurationPlatforms) = preSolution
		Debug|Any CPU = Debug|Any CPU
		Release|Any CPU = Release|Any CPU
	EndGlobalSection
	GlobalSection(ProjectConfigurationPlatforms) = postSolution
		{7A695C10-DB59-4CC2-BE5E-B5A32EFA1E9D}.Debug|Any CPU.ActiveCfg = Debug|Any CPU
		{7A695C10-DB59-4CC2-BE5E-B5A32EFA1E9D}.Debug|Any CPU.Build.0 = Debug|Any CPU
		{7A695C10-DB59-4CC2-BE5E-B5A32EFA1E9D}.Release|Any CPU.ActiveCfg = Release|Any CPU
		{7A695C10-DB59-4CC2-BE5E-B5A32EFA1E9D}.Release|Any CPU.Build.0 = Release|Any CPU
		{31CBD73D-2126-46F1-A201-397AC51D6D86}.Debug|Any CPU.ActiveCfg = Debug|Any CPU
		{31CBD73D-2126-46F1-A201-397AC51D6D86}.Debug|Any CPU.Build.0 = Debug|Any CPU
		{31CBD73D-2126-46F1-A201-397AC51D6D86}.Release|Any CPU.ActiveCfg = Release|Any CPU
		{31CBD73D-2126-46F1-A201-397AC51D6D86}.Release|Any CPU.Build.0 = Release|Any CPU
		{E35DE792-EB34-43BD-9269-C59FDB9C8E78}.Debug|Any CPU.ActiveCfg = Debug|Any CPU
		{E35DE792-EB34-43BD-9269-C59FDB9C8E78}.Debug|Any CPU.Build.0 = Debug|Any CPU
		{E35DE792-EB34-43BD-9269-C59FDB9C8E78}.Release|Any CPU.ActiveCfg = Release|Any CPU
		{E35DE792-EB34-43BD-9269-C59FDB9C8E78}.Release|Any CPU.Build.0 = Release|Any CPU
		{562B3E5B-2CDF-45C7-91D3-6610F44A2959}.Debug|Any CPU.ActiveCfg = Debug|Any CPU
		{562B3E5B-2CDF-45C7-91D3-6610F44A2959}.Debug|Any CPU.Build.0 = Debug|Any CPU
		{562B3E5B-2CDF-45C7-91D3-6610F44A2959}.Release|Any CPU.ActiveCfg = Release|Any CPU
		{562B3E5B-2CDF-45C7-91D3-6610F44A2959}.Release|Any CPU.Build.0 = Release|Any CPU
		{742D3D56-0157-47A3-A323-9714811F9E88}.Debug|Any CPU.ActiveCfg = Debug|Any CPU
		{742D3D56-0157-47A3-A323-9714811F9E88}.Debug|Any CPU.Build.0 = Debug|Any CPU
		{742D3D56-0157-47A3-A323-9714811F9E88}.Release|Any CPU.ActiveCfg = Release|Any CPU
		{742D3D56-0157-47A3-A323-9714811F9E88}.Release|Any CPU.Build.0 = Release|Any CPU
	EndGlobalSection
	GlobalSection(SolutionProperties) = preSolution
		HideSolutionNode = FALSE
	EndGlobalSection
EndGlobal
