
Microsoft Visual Studio Solution File, Format Version 12.00
# Visual Studio 14
VisualStudioVersion = 14.0.25420.1
MinimumVisualStudioVersion = 10.0.40219.1
Project("{FAE04EC0-301F-11D3-BF4B-00C04F79EFBC}") = "WebApplication1", "WebApplication1\WebApplication1.csproj", "{CFDBC2CD-394E-4838-A7DD-E61003FD2136}"
EndProject
Project("{FAE04EC0-301F-11D3-BF4B-00C04F79EFBC}") = "Basic", "Basic\Basic.csproj", "{071D1076-CE2C-488F-9A99-CD9BE5C4D354}"
EndProject
Project("{FAE04EC0-301F-11D3-BF4B-00C04F79EFBC}") = "Routing", "Routing\Routing.csproj", "{17F77ACD-5F9E-492B-88A8-7393779BA23C}"
EndProject
Project("{FAE04EC0-301F-11D3-BF4B-00C04F79EFBC}") = "Areas", "Areas\Areas.csproj", "{FD8A13AE-F7EE-4F5D-9DEA-62F568A186CD}"
EndProject
Project("{FAE04EC0-301F-11D3-BF4B-00C04F79EFBC}") = "FreemanFirstMVC", "FreemanFirstMVC\FreemanFirstMVC.csproj", "{3421F68E-7DD2-4FE8-8A94-11C89EBE788D}"
EndProject
Global
	GlobalSection(SolutionConfigurationPlatforms) = preSolution
		Debug|Any CPU = Debug|Any CPU
		Release|Any CPU = Release|Any CPU
	EndGlobalSection
	GlobalSection(ProjectConfigurationPlatforms) = postSolution
		{CFDBC2CD-394E-4838-A7DD-E61003FD2136}.Debug|Any CPU.ActiveCfg = Debug|Any CPU
		{CFDBC2CD-394E-4838-A7DD-E61003FD2136}.Debug|Any CPU.Build.0 = Debug|Any CPU
		{CFDBC2CD-394E-4838-A7DD-E61003FD2136}.Release|Any CPU.ActiveCfg = Release|Any CPU
		{CFDBC2CD-394E-4838-A7DD-E61003FD2136}.Release|Any CPU.Build.0 = Release|Any CPU
		{071D1076-CE2C-488F-9A99-CD9BE5C4D354}.Debug|Any CPU.ActiveCfg = Debug|Any CPU
		{071D1076-CE2C-488F-9A99-CD9BE5C4D354}.Debug|Any CPU.Build.0 = Debug|Any CPU
		{071D1076-CE2C-488F-9A99-CD9BE5C4D354}.Release|Any CPU.ActiveCfg = Release|Any CPU
		{071D1076-CE2C-488F-9A99-CD9BE5C4D354}.Release|Any CPU.Build.0 = Release|Any CPU
		{17F77ACD-5F9E-492B-88A8-7393779BA23C}.Debug|Any CPU.ActiveCfg = Debug|Any CPU
		{17F77ACD-5F9E-492B-88A8-7393779BA23C}.Debug|Any CPU.Build.0 = Debug|Any CPU
		{17F77ACD-5F9E-492B-88A8-7393779BA23C}.Release|Any CPU.ActiveCfg = Release|Any CPU
		{17F77ACD-5F9E-492B-88A8-7393779BA23C}.Release|Any CPU.Build.0 = Release|Any CPU
		{FD8A13AE-F7EE-4F5D-9DEA-62F568A186CD}.Debug|Any CPU.ActiveCfg = Debug|Any CPU
		{FD8A13AE-F7EE-4F5D-9DEA-62F568A186CD}.Debug|Any CPU.Build.0 = Debug|Any CPU
		{FD8A13AE-F7EE-4F5D-9DEA-62F568A186CD}.Release|Any CPU.ActiveCfg = Release|Any CPU
		{FD8A13AE-F7EE-4F5D-9DEA-62F568A186CD}.Release|Any CPU.Build.0 = Release|Any CPU
		{3421F68E-7DD2-4FE8-8A94-11C89EBE788D}.Debug|Any CPU.ActiveCfg = Debug|Any CPU
		{3421F68E-7DD2-4FE8-8A94-11C89EBE788D}.Debug|Any CPU.Build.0 = Debug|Any CPU
		{3421F68E-7DD2-4FE8-8A94-11C89EBE788D}.Release|Any CPU.ActiveCfg = Release|Any CPU
		{3421F68E-7DD2-4FE8-8A94-11C89EBE788D}.Release|Any CPU.Build.0 = Release|Any CPU
	EndGlobalSection
	GlobalSection(SolutionProperties) = preSolution
		HideSolutionNode = FALSE
	EndGlobalSection
EndGlobal
